
Microsoft Visual Studio Solution File, Format Version 12.00
# Visual Studio 14
VisualStudioVersion = 14.0.25420.1
MinimumVisualStudioVersion = 10.0.40219.1
Project("{FAE04EC0-301F-11D3-BF4B-00C04F79EFBC}") = "UltraHookProxy", "UltraHookProxy\UltraHookProxy.csproj", "{1BB45E3E-2711-4DDE-9267-E773E12C0951}"
EndProject
Project("{FAE04EC0-301F-11D3-BF4B-00C04F79EFBC}") = "UltraHook", "UltraHook\UltraHook.csproj", "{27FBC66A-AFA8-4152-863C-04D75961DB82}"
EndProject
Global
	GlobalSection(SolutionConfigurationPlatforms) = preSolution
		Debug|Any CPU = Debug|Any CPU
		Release|Any CPU = Release|Any CPU
	EndGlobalSection
	GlobalSection(ProjectConfigurationPlatforms) = postSolution
		{1BB45E3E-2711-4DDE-9267-E773E12C0951}.Debug|Any CPU.ActiveCfg = Debug|Any CPU
		{1BB45E3E-2711-4DDE-9267-E773E12C0951}.Debug|Any CPU.Build.0 = Debug|Any CPU
		{1BB45E3E-2711-4DDE-9267-E773E12C0951}.Release|Any CPU.ActiveCfg = Release|Any CPU
		{1BB45E3E-2711-4DDE-9267-E773E12C0951}.Release|Any CPU.Build.0 = Release|Any CPU
		{27FBC66A-AFA8-4152-863C-04D75961DB82}.Debug|Any CPU.ActiveCfg = Debug|Any CPU
		{27FBC66A-AFA8-4152-863C-04D75961DB82}.Debug|Any CPU.Build.0 = Debug|Any CPU
		{27FBC66A-AFA8-4152-863C-04D75961DB82}.Release|Any CPU.ActiveCfg = Release|Any CPU
		{27FBC66A-AFA8-4152-863C-04D75961DB82}.Release|Any CPU.Build.0 = Release|Any CPU
	EndGlobalSection
	GlobalSection(SolutionProperties) = preSolution
		HideSolutionNode = FALSE
	EndGlobalSection
EndGlobal
